// !$*UTF8*$!
{
	archiveVersion = 1;
	classes = {
	};
	objectVersion = 46;
	objects = {

/* Begin PBXBuildFile section */
		49B8954719F654050072D573 /* main.m in Sources */ = {isa = PBXBuildFile; fileRef = 49B8954619F654050072D573 /* main.m */; };
		49B8954A19F654050072D573 /* AppDelegate.m in Sources */ = {isa = PBXBuildFile; fileRef = 49B8954919F654050072D573 /* AppDelegate.m */; };
		49B8954D19F654050072D573 /* ViewController.m in Sources */ = {isa = PBXBuildFile; fileRef = 49B8954C19F654050072D573 /* ViewController.m */; };
		49B8955019F654050072D573 /* Main.storyboard in Resources */ = {isa = PBXBuildFile; fileRef = 49B8954E19F654050072D573 /* Main.storyboard */; };
		49B8955219F654050072D573 /* Images.xcassets in Resources */ = {isa = PBXBuildFile; fileRef = 49B8955119F654050072D573 /* Images.xcassets */; };
		49B8955519F654050072D573 /* LaunchScreen.xib in Resources */ = {isa = PBXBuildFile; fileRef = 49B8955319F654050072D573 /* LaunchScreen.xib */; };
		49B8956119F654050072D573 /* HelloWorldSwiftTests.m in Sources */ = {isa = PBXBuildFile; fileRef = 49B8956019F654050072D573 /* HelloWorldSwiftTests.m */; };
/* End PBXBuildFile section */

/* Begin PBXContainerItemProxy section */
		49B8955B19F654050072D573 /* PBXContainerItemProxy */ = {
			isa = PBXContainerItemProxy;
			containerPortal = 49B8953919F654050072D573 /* Project object */;
			proxyType = 1;
			remoteGlobalIDString = 49B8954019F654050072D573;
			remoteInfo = HelloWorldSwift;
		};
/* End PBXContainerItemProxy section */

/* Begin PBXFileReference section */
		49B8954119F654050072D573 /* HelloWorldSwift.app */ = {isa = PBXFileReference; explicitFileType = wrapper.application; includeInIndex = 0; path = HelloWorldSwift.app; sourceTree = BUILT_PRODUCTS_DIR; };
		49B8954519F654050072D573 /* Info.plist */ = {isa = PBXFileReference; lastKnownFileType = text.plist.xml; path = Info.plist; sourceTree = "<group>"; };
		49B8954619F654050072D573 /* main.m */ = {isa = PBXFileReference; lastKnownFileType = sourcecode.c.objc; path = main.m; sourceTree = "<group>"; };
		49B8954819F654050072D573 /* AppDelegate.h */ = {isa = PBXFileReference; lastKnownFileType = sourcecode.c.h; path = AppDelegate.h; sourceTree = "<group>"; };
		49B8954919F654050072D573 /* AppDelegate.m */ = {isa = PBXFileReference; lastKnownFileType = sourcecode.c.objc; path = AppDelegate.m; sourceTree = "<group>"; };
		49B8954B19F654050072D573 /* ViewController.h */ = {isa = PBXFileReference; lastKnownFileType = sourcecode.c.h; path = ViewController.h; sourceTree = "<group>"; };
		49B8954C19F654050072D573 /* ViewController.m */ = {isa = PBXFileReference; lastKnownFileType = sourcecode.c.objc; path = ViewController.m; sourceTree = "<group>"; };
		49B8954F19F654050072D573 /* Base */ = {isa = PBXFileReference; lastKnownFileType = file.storyboard; name = Base; path = Base.lproj/Main.storyboard; sourceTree = "<group>"; };
		49B8955119F654050072D573 /* Images.xcassets */ = {isa = PBXFileReference; lastKnownFileType = folder.assetcatalog; path = Images.xcassets; sourceTree = "<group>"; };
		49B8955419F654050072D573 /* Base */ = {isa = PBXFileReference; lastKnownFileType = file.xib; name = Base; path = Base.lproj/LaunchScreen.xib; sourceTree = "<group>"; };
		49B8955A19F654050072D573 /* HelloWorldSwiftTests.xctest */ = {isa = PBXFileReference; explicitFileType = wrapper.cfbundle; includeInIndex = 0; path = HelloWorldSwiftTests.xctest; sourceTree = BUILT_PRODUCTS_DIR; };
		49B8955F19F654050072D573 /* Info.plist */ = {isa = PBXFileReference; lastKnownFileType = text.plist.xml; path = Info.plist; sourceTree = "<group>"; };
		49B8956019F654050072D573 /* HelloWorldSwiftTests.m */ = {isa = PBXFileReference; lastKnownFileType = sourcecode.c.objc; path = HelloWorldSwiftTests.m; sourceTree = "<group>"; };
/* End PBXFileReference section */

/* Begin PBXFrameworksBuildPhase section */
		49B8953E19F654050072D573 /* Frameworks */ = {
			isa = PBXFrameworksBuildPhase;
			buildActionMask = 2147483647;
			files = (
			);
			runOnlyForDeploymentPostprocessing = 0;
		};
		49B8955719F654050072D573 /* Frameworks */ = {
			isa = PBXFrameworksBuildPhase;
			buildActionMask = 2147483647;
			files = (
			);
			runOnlyForDeploymentPostprocessing = 0;
		};
/* End PBXFrameworksBuildPhase section */

/* Begin PBXGroup section */
		49B8953819F654050072D573 = {
			isa = PBXGroup;
			children = (
				49B8954319F654050072D573 /* HelloWorldSwift */,
				49B8955D19F654050072D573 /* HelloWorldSwiftTests */,
				49B8954219F654050072D573 /* Products */,
			);
			sourceTree = "<group>";
		};
		49B8954219F654050072D573 /* Products */ = {
			isa = PBXGroup;
			children = (
				49B8954119F654050072D573 /* HelloWorldSwift.app */,
				49B8955A19F654050072D573 /* HelloWorldSwiftTests.xctest */,
			);
			name = Products;
			sourceTree = "<group>";
		};
		49B8954319F654050072D573 /* HelloWorldSwift */ = {
			isa = PBXGroup;
			children = (
				49B8954819F654050072D573 /* AppDelegate.h */,
				49B8954919F654050072D573 /* AppDelegate.m */,
				49B8954B19F654050072D573 /* ViewController.h */,
				49B8954C19F654050072D573 /* ViewController.m */,
				49B8954E19F654050072D573 /* Main.storyboard */,
				49B8955119F654050072D573 /* Images.xcassets */,
				49B8955319F654050072D573 /* LaunchScreen.xib */,
				49B8954419F654050072D573 /* Supporting Files */,
			);
			path = HelloWorldSwift;
			sourceTree = "<group>";
		};
		49B8954419F654050072D573 /* Supporting Files */ = {
			isa = PBXGroup;
			children = (
				49B8954519F654050072D573 /* Info.plist */,
				49B8954619F654050072D573 /* main.m */,
			);
			name = "Supporting Files";
			sourceTree = "<group>";
		};
		49B8955D19F654050072D573 /* HelloWorldSwiftTests */ = {
			isa = PBXGroup;
			children = (
				49B8956019F654050072D573 /* HelloWorldSwiftTests.m */,
				49B8955E19F654050072D573 /* Supporting Files */,
			);
			path = HelloWorldSwiftTests;
			sourceTree = "<group>";
		};
		49B8955E19F654050072D573 /* Supporting Files */ = {
			isa = PBXGroup;
			children = (
				49B8955F19F654050072D573 /* Info.plist */,
			);
			name = "Supporting Files";
			sourceTree = "<group>";
		};
/* End PBXGroup section */

/* Begin PBXNativeTarget section */
		49B8954019F654050072D573 /* HelloWorldSwift */ = {
			isa = PBXNativeTarget;
			buildConfigurationList = 49B8956419F654050072D573 /* Build configuration list for PBXNativeTarget "HelloWorldSwift" */;
			buildPhases = (
				49B8953D19F654050072D573 /* Sources */,
				49B8953E19F654050072D573 /* Frameworks */,
				49B8953F19F654050072D573 /* Resources */,
			);
			buildRules = (
			);
			dependencies = (
			);
			name = HelloWorldSwift;
			productName = HelloWorldSwift;
			productReference = 49B8954119F654050072D573 /* HelloWorldSwift.app */;
			productType = "com.apple.product-type.application";
		};
		49B8955919F654050072D573 /* HelloWorldSwiftTests */ = {
			isa = PBXNativeTarget;
			buildConfigurationList = 49B8956719F654050072D573 /* Build configuration list for PBXNativeTarget "HelloWorldSwiftTests" */;
			buildPhases = (
				49B8955619F654050072D573 /* Sources */,
				49B8955719F654050072D573 /* Frameworks */,
				49B8955819F654050072D573 /* Resources */,
			);
			buildRules = (
			);
			dependencies = (
				49B8955C19F654050072D573 /* PBXTargetDependency */,
			);
			name = HelloWorldSwiftTests;
			productName = HelloWorldSwiftTests;
			productReference = 49B8955A19F654050072D573 /* HelloWorldSwiftTests.xctest */;
			productType = "com.apple.product-type.bundle.unit-test";
		};
/* End PBXNativeTarget section */

/* Begin PBXProject section */
		49B8953919F654050072D573 /* Project object */ = {
			isa = PBXProject;
			attributes = {
				LastUpgradeCheck = 0600;
				ORGANIZATIONNAME = water;
				TargetAttributes = {
					49B8954019F654050072D573 = {
						CreatedOnToolsVersion = 6.0.1;
					};
					49B8955919F654050072D573 = {
						CreatedOnToolsVersion = 6.0.1;
						TestTargetID = 49B8954019F654050072D573;
					};
				};
			};
			buildConfigurationList = 49B8953C19F654050072D573 /* Build configuration list for PBXProject "HelloWorldSwift" */;
			compatibilityVersion = "Xcode 3.2";
			developmentRegion = English;
			hasScannedForEncodings = 0;
			knownRegions = (
				en,
				Base,
			);
			mainGroup = 49B8953819F654050072D573;
			productRefGroup = 49B8954219F654050072D573 /* Products */;
			projectDirPath = "";
			projectRoot = "";
			targets = (
				49B8954019F654050072D573 /* HelloWorldSwift */,
				49B8955919F654050072D573 /* HelloWorldSwiftTests */,
			);
		};
/* End PBXProject section */

/* Begin PBXResourcesBuildPhase section */
		49B8953F19F654050072D573 /* Resources */ = {
			isa = PBXResourcesBuildPhase;
			buildActionMask = 2147483647;
			files = (
				49B8955019F654050072D573 /* Main.storyboard in Resources */,
				49B8955519F654050072D573 /* LaunchScreen.xib in Resources */,
				49B8955219F654050072D573 /* Images.xcassets in Resources */,
			);
			runOnlyForDeploymentPostprocessing = 0;
		};
		49B8955819F654050072D573 /* Resources */ = {
			isa = PBXResourcesBuildPhase;
			buildActionMask = 2147483647;
			files = (
			);
			runOnlyForDeploymentPostprocessing = 0;
		};
/* End PBXResourcesBuildPhase section */

/* Begin PBXSourcesBuildPhase section */
		49B8953D19F654050072D573 /* Sources */ = {
			isa = PBXSourcesBuildPhase;
			buildActionMask = 2147483647;
			files = (
				49B8954D19F654050072D573 /* ViewController.m in Sources */,
				49B8954A19F654050072D573 /* AppDelegate.m in Sources */,
				49B8954719F654050072D573 /* main.m in Sources */,
			);
			runOnlyForDeploymentPostprocessing = 0;
		};
		49B8955619F654050072D573 /* Sources */ = {
			isa = PBXSourcesBuildPhase;
			buildActionMask = 2147483647;
			files = (
				49B8956119F654050072D573 /* HelloWorldSwiftTests.m in Sources */,
			);
			runOnlyForDeploymentPostprocessing = 0;
		};
/* End PBXSourcesBuildPhase section */

/* Begin PBXTargetDependency section */
		49B8955C19F654050072D573 /* PBXTargetDependency */ = {
			isa = PBXTargetDependency;
			target = 49B8954019F654050072D573 /* HelloWorldSwift */;
			targetProxy = 49B8955B19F654050072D573 /* PBXContainerItemProxy */;
		};
/* End PBXTargetDependency section */

/* Begin PBXVariantGroup section */
		49B8954E19F654050072D573 /* Main.storyboard */ = {
			isa = PBXVariantGroup;
			children = (
				49B8954F19F654050072D573 /* Base */,
			);
			name = Main.storyboard;
			sourceTree = "<group>";
		};
		49B8955319F654050072D573 /* LaunchScreen.xib */ = {
			isa = PBXVariantGroup;
			children = (
				49B8955419F654050072D573 /* Base */,
			);
			name = LaunchScreen.xib;
			sourceTree = "<group>";
		};
/* End PBXVariantGroup section */

/* Begin XCBuildConfiguration section */
		49B8956219F654050072D573 /* Debug */ = {
			isa = XCBuildConfiguration;
			buildSettings = {
				ALWAYS_SEARCH_USER_PATHS = NO;
				CLANG_CXX_LANGUAGE_STANDARD = "gnu++0x";
				CLANG_CXX_LIBRARY = "libc++";
				CLANG_ENABLE_MODULES = YES;
				CLANG_ENABLE_OBJC_ARC = YES;
				CLANG_WARN_BOOL_CONVERSION = YES;
				CLANG_WARN_CONSTANT_CONVERSION = YES;
				CLANG_WARN_DIRECT_OBJC_ISA_USAGE = YES_ERROR;
				CLANG_WARN_EMPTY_BODY = YES;
				CLANG_WARN_ENUM_CONVERSION = YES;
				CLANG_WARN_INT_CONVERSION = YES;
				CLANG_WARN_OBJC_ROOT_CLASS = YES_ERROR;
				CLANG_WARN_UNREACHABLE_CODE = YES;
				CLANG_WARN__DUPLICATE_METHOD_MATCH = YES;
				"CODE_SIGN_IDENTITY[sdk=iphoneos*]" = "iPhone Developer";
				COPY_PHASE_STRIP = NO;
				ENABLE_STRICT_OBJC_MSGSEND = YES;
				GCC_C_LANGUAGE_STANDARD = gnu99;
				GCC_DYNAMIC_NO_PIC = NO;
				GCC_OPTIMIZATION_LEVEL = 0;
				GCC_PREPROCESSOR_DEFINITIONS = (
					"DEBUG=1",
					"$(inherited)",
				);
				GCC_SYMBOLS_PRIVATE_EXTERN = NO;
				GCC_WARN_64_TO_32_BIT_CONVERSION = YES;
				GCC_WARN_ABOUT_RETURN_TYPE = YES_ERROR;
				GCC_WARN_UNDECLARED_SELECTOR = YES;
				GCC_WARN_UNINITIALIZED_AUTOS = YES_AGGRESSIVE;
				GCC_WARN_UNUSED_FUNCTION = YES;
				GCC_WARN_UNUSED_VARIABLE = YES;
				IPHONEOS_DEPLOYMENT_TARGET = 8.0;
				MTL_ENABLE_DEBUG_INFO = YES;
				ONLY_ACTIVE_ARCH = YES;
				SDKROOT = iphoneos;
			};
			name = Debug;
		};
		49B8956319F654050072D573 /* Release */ = {
			isa = XCBuildConfiguration;
			buildSettings = {
				ALWAYS_SEARCH_USER_PATHS = NO;
				CLANG_CXX_LANGUAGE_STANDARD = "gnu++0x";
				CLANG_CXX_LIBRARY = "libc++";
				CLANG_ENABLE_MODULES = YES;
				CLANG_ENABLE_OBJC_ARC = YES;
				CLANG_WARN_BOOL_CONVERSION = YES;
				CLANG_WARN_CONSTANT_CONVERSION = YES;
				CLANG_WARN_DIRECT_OBJC_ISA_USAGE = YES_ERROR;
				CLANG_WARN_EMPTY_BODY = YES;
				CLANG_WARN_ENUM_CONVERSION = YES;
				CLANG_WARN_INT_CONVERSION = YES;
				CLANG_WARN_OBJC_ROOT_CLASS = YES_ERROR;
				CLANG_WARN_UNREACHABLE_CODE = YES;
				CLANG_WARN__DUPLICATE_METHOD_MATCH = YES;
				"CODE_SIGN_IDENTITY[sdk=iphoneos*]" = "iPhone Developer";
				COPY_PHASE_STRIP = YES;
				ENABLE_NS_ASSERTIONS = NO;
				ENABLE_STRICT_OBJC_MSGSEND = YES;
				GCC_C_LANGUAGE_STANDARD = gnu99;
				GCC_WARN_64_TO_32_BIT_CONVERSION = YES;
				GCC_WARN_ABOUT_RETURN_TYPE = YES_ERROR;
				GCC_WARN_UNDECLARED_SELECTOR = YES;
				GCC_WARN_UNINITIALIZED_AUTOS = YES_AGGRESSIVE;
				GCC_WARN_UNUSED_FUNCTION = YES;
				GCC_WARN_UNUSED_VARIABLE = YES;
				IPHONEOS_DEPLOYMENT_TARGET = 8.0;
				MTL_ENABLE_DEBUG_INFO = NO;
				SDKROOT = iphoneos;
				VALIDATE_PRODUCT = YES;
			};
			name = Release;
		};
		49B8956519F654050072D573 /* Debug */ = {
			isa = XCBuildConfiguration;
			buildSettings = {
				ASSETCATALOG_COMPILER_APPICON_NAME = AppIcon;
				INFOPLIST_FILE = HelloWorldSwift/Info.plist;
				LD_RUNPATH_SEARCH_PATHS = "$(inherited) @executable_path/Frameworks";
				PRODUCT_NAME = "$(TARGET_NAME)";
			};
			name = Debug;
		};
		49B8956619F654050072D573 /* Release */ = {
			isa = XCBuildConfiguration;
			buildSettings = {
				ASSETCATALOG_COMPILER_APPICON_NAME = AppIcon;
				INFOPLIST_FILE = HelloWorldSwift/Info.plist;
				LD_RUNPATH_SEARCH_PATHS = "$(inherited) @executable_path/Frameworks";
				PRODUCT_NAME = "$(TARGET_NAME)";
			};
			name = Release;
		};
		49B8956819F654050072D573 /* Debug */ = {
			isa = XCBuildConfiguration;
			buildSettings = {
				BUNDLE_LOADER = "$(TEST_HOST)";
				FRAMEWORK_SEARCH_PATHS = (
					"$(SDKROOT)/Developer/Library/Frameworks",
					"$(inherited)",
				);
				GCC_PREPROCESSOR_DEFINITIONS = (
					"DEBUG=1",
					"$(inherited)",
				);
				INFOPLIST_FILE = HelloWorldSwiftTests/Info.plist;
				LD_RUNPATH_SEARCH_PATHS = "$(inherited) @executable_path/Frameworks @loader_path/Frameworks";
				PRODUCT_NAME = "$(TARGET_NAME)";
				TEST_HOST = "$(BUILT_PRODUCTS_DIR)/HelloWorldSwift.app/HelloWorldSwift";
			};
			name = Debug;
		};
		49B8956919F654050072D573 /* Release */ = {
			isa = XCBuildConfiguration;
			buildSettings = {
				BUNDLE_LOADER = "$(TEST_HOST)";
				FRAMEWORK_SEARCH_PATHS = (
					"$(SDKROOT)/Developer/Library/Frameworks",
					"$(inherited)",
				);
				INFOPLIST_FILE = HelloWorldSwiftTests/Info.plist;
				LD_RUNPATH_SEARCH_PATHS = "$(inherited) @executable_path/Frameworks @loader_path/Frameworks";
				PRODUCT_NAME = "$(TARGET_NAME)";
				TEST_HOST = "$(BUILT_PRODUCTS_DIR)/HelloWorldSwift.app/HelloWorldSwift";
			};
			name = Release;
		};
/* End XCBuildConfiguration section */

/* Begin XCConfigurationList section */
		49B8953C19F654050072D573 /* Build configuration list for PBXProject "HelloWorldSwift" */ = {
			isa = XCConfigurationList;
			buildConfigurations = (
				49B8956219F654050072D573 /* Debug */,
				49B8956319F654050072D573 /* Release */,
			);
			defaultConfigurationIsVisible = 0;
			defaultConfigurationName = Release;
		};
		49B8956419F654050072D573 /* Build configuration list for PBXNativeTarget "HelloWorldSwift" */ = {
			isa = XCConfigurationList;
			buildConfigurations = (
				49B8956519F654050072D573 /* Debug */,
				49B8956619F654050072D573 /* Release */,
			);
			defaultConfigurationIsVisible = 0;
		};
		49B8956719F654050072D573 /* Build configuration list for PBXNativeTarget "HelloWorldSwiftTests" */ = {
			isa = XCConfigurationList;
			buildConfigurations = (
				49B8956819F654050072D573 /* Debug */,
				49B8956919F654050072D573 /* Release */,
			);
			defaultConfigurationIsVisible = 0;
		};
/* End XCConfigurationList section */
	};
	rootObject = 49B8953919F654050072D573 /* Project object */;
}
